
Microsoft Visual Studio Solution File, Format Version 12.00
# Visual Studio 2013
VisualStudioVersion = 12.0.30501.0
MinimumVisualStudioVersion = 10.0.40219.1
Project("{2150E333-8FDC-42A3-9474-1A3956D46DE8}") = ".nuget", ".nuget", "{E743E783-B107-46F3-8301-995404A25838}"
	ProjectSection(SolutionItems) = preProject
		.nuget\NuGet.Config = .nuget\NuGet.Config
		.nuget\NuGet.exe = .nuget\NuGet.exe
		.nuget\NuGet.targets = .nuget\NuGet.targets
	EndProjectSection
EndProject
Project("{2150E333-8FDC-42A3-9474-1A3956D46DE8}") = "Database", "Database", "{C499069C-474F-41A9-AF20-A73649DB245D}"
EndProject
Project("{FAE04EC0-301F-11D3-BF4B-00C04F79EFBC}") = "Booker.Database", "Booker.Database\Booker.Database.csproj", "{464EB640-725A-44ED-8237-9EE7D79535C8}"
EndProject
Project("{FAE04EC0-301F-11D3-BF4B-00C04F79EFBC}") = "Booker.Database.iBoxDB", "Booker.Database.iBoxDB\Booker.Database.iBoxDB.csproj", "{D1B6AA18-E8E1-4D8E-8388-98561CEFDB51}"
EndProject
Project("{FAE04EC0-301F-11D3-BF4B-00C04F79EFBC}") = "Booker.Module", "Booker.Module\Booker.Module.csproj", "{0BFF4501-8CA6-47D4-80A9-E36DE03371DE}"
EndProject
Project("{FAE04EC0-301F-11D3-BF4B-00C04F79EFBC}") = "Booker", "Booker\Booker.csproj", "{5B123185-E6EC-4AE5-9B2C-D14A0AD1E80F}"
EndProject
Project("{FAE04EC0-301F-11D3-BF4B-00C04F79EFBC}") = "Booker.Common", "Booker.Common\Booker.Common.csproj", "{10476060-E282-48AC-9140-3E6594A118A9}"
EndProject
Project("{FAE04EC0-301F-11D3-BF4B-00C04F79EFBC}") = "Booker.Owin", "Booker.Owin\Booker.Owin.csproj", "{44EE1454-DD73-438D-9051-99FBA997F246}"
EndProject
Project("{FAE04EC0-301F-11D3-BF4B-00C04F79EFBC}") = "Booker.NTest", "Booker.NTest\Booker.NTest.csproj", "{D6D2CD99-B324-465B-8BB2-636B5E26BEF8}"
EndProject
Project("{2150E333-8FDC-42A3-9474-1A3956D46DE8}") = "Solution Items", "Solution Items", "{2E54F2E8-F864-4E8D-A948-C27DE8550382}"
	ProjectSection(SolutionItems) = preProject
		centos_build.sh = centos_build.sh
	EndProjectSection
EndProject
Global
	GlobalSection(SolutionConfigurationPlatforms) = preSolution
		Debug|Any CPU = Debug|Any CPU
		Debug|Mixed Platforms = Debug|Mixed Platforms
		Debug|x86 = Debug|x86
		Release|Any CPU = Release|Any CPU
		Release|Mixed Platforms = Release|Mixed Platforms
		Release|x86 = Release|x86
	EndGlobalSection
	GlobalSection(ProjectConfigurationPlatforms) = postSolution
		{464EB640-725A-44ED-8237-9EE7D79535C8}.Debug|Any CPU.ActiveCfg = Debug|Any CPU
		{464EB640-725A-44ED-8237-9EE7D79535C8}.Debug|Any CPU.Build.0 = Debug|Any CPU
		{464EB640-725A-44ED-8237-9EE7D79535C8}.Debug|Mixed Platforms.ActiveCfg = Debug|Any CPU
		{464EB640-725A-44ED-8237-9EE7D79535C8}.Debug|Mixed Platforms.Build.0 = Debug|Any CPU
		{464EB640-725A-44ED-8237-9EE7D79535C8}.Debug|x86.ActiveCfg = Debug|Any CPU
		{464EB640-725A-44ED-8237-9EE7D79535C8}.Debug|x86.Build.0 = Debug|Any CPU
		{464EB640-725A-44ED-8237-9EE7D79535C8}.Release|Any CPU.ActiveCfg = Release|Any CPU
		{464EB640-725A-44ED-8237-9EE7D79535C8}.Release|Any CPU.Build.0 = Release|Any CPU
		{464EB640-725A-44ED-8237-9EE7D79535C8}.Release|Mixed Platforms.ActiveCfg = Release|Any CPU
		{464EB640-725A-44ED-8237-9EE7D79535C8}.Release|Mixed Platforms.Build.0 = Release|Any CPU
		{464EB640-725A-44ED-8237-9EE7D79535C8}.Release|x86.ActiveCfg = Release|Any CPU
		{464EB640-725A-44ED-8237-9EE7D79535C8}.Release|x86.Build.0 = Release|Any CPU
		{D1B6AA18-E8E1-4D8E-8388-98561CEFDB51}.Debug|Any CPU.ActiveCfg = Debug|Any CPU
		{D1B6AA18-E8E1-4D8E-8388-98561CEFDB51}.Debug|Any CPU.Build.0 = Debug|Any CPU
		{D1B6AA18-E8E1-4D8E-8388-98561CEFDB51}.Debug|Mixed Platforms.ActiveCfg = Debug|Any CPU
		{D1B6AA18-E8E1-4D8E-8388-98561CEFDB51}.Debug|Mixed Platforms.Build.0 = Debug|Any CPU
		{D1B6AA18-E8E1-4D8E-8388-98561CEFDB51}.Debug|x86.ActiveCfg = Debug|Any CPU
		{D1B6AA18-E8E1-4D8E-8388-98561CEFDB51}.Debug|x86.Build.0 = Debug|Any CPU
		{D1B6AA18-E8E1-4D8E-8388-98561CEFDB51}.Release|Any CPU.ActiveCfg = Release|Any CPU
		{D1B6AA18-E8E1-4D8E-8388-98561CEFDB51}.Release|Any CPU.Build.0 = Release|Any CPU
		{D1B6AA18-E8E1-4D8E-8388-98561CEFDB51}.Release|Mixed Platforms.ActiveCfg = Release|Any CPU
		{D1B6AA18-E8E1-4D8E-8388-98561CEFDB51}.Release|Mixed Platforms.Build.0 = Release|Any CPU
		{D1B6AA18-E8E1-4D8E-8388-98561CEFDB51}.Release|x86.ActiveCfg = Release|Any CPU
		{D1B6AA18-E8E1-4D8E-8388-98561CEFDB51}.Release|x86.Build.0 = Release|Any CPU
		{0BFF4501-8CA6-47D4-80A9-E36DE03371DE}.Debug|Any CPU.ActiveCfg = Debug|Any CPU
		{0BFF4501-8CA6-47D4-80A9-E36DE03371DE}.Debug|Any CPU.Build.0 = Debug|Any CPU
		{0BFF4501-8CA6-47D4-80A9-E36DE03371DE}.Debug|Mixed Platforms.ActiveCfg = Debug|Any CPU
		{0BFF4501-8CA6-47D4-80A9-E36DE03371DE}.Debug|Mixed Platforms.Build.0 = Debug|Any CPU
		{0BFF4501-8CA6-47D4-80A9-E36DE03371DE}.Debug|x86.ActiveCfg = Debug|Any CPU
		{0BFF4501-8CA6-47D4-80A9-E36DE03371DE}.Debug|x86.Build.0 = Debug|Any CPU
		{0BFF4501-8CA6-47D4-80A9-E36DE03371DE}.Release|Any CPU.ActiveCfg = Release|Any CPU
		{0BFF4501-8CA6-47D4-80A9-E36DE03371DE}.Release|Any CPU.Build.0 = Release|Any CPU
		{0BFF4501-8CA6-47D4-80A9-E36DE03371DE}.Release|Mixed Platforms.ActiveCfg = Release|Any CPU
		{0BFF4501-8CA6-47D4-80A9-E36DE03371DE}.Release|Mixed Platforms.Build.0 = Release|Any CPU
		{0BFF4501-8CA6-47D4-80A9-E36DE03371DE}.Release|x86.ActiveCfg = Release|Any CPU
		{0BFF4501-8CA6-47D4-80A9-E36DE03371DE}.Release|x86.Build.0 = Release|Any CPU
		{5B123185-E6EC-4AE5-9B2C-D14A0AD1E80F}.Debug|Any CPU.ActiveCfg = Debug|x86
		{5B123185-E6EC-4AE5-9B2C-D14A0AD1E80F}.Debug|Mixed Platforms.ActiveCfg = Debug|x86
		{5B123185-E6EC-4AE5-9B2C-D14A0AD1E80F}.Debug|Mixed Platforms.Build.0 = Debug|x86
		{5B123185-E6EC-4AE5-9B2C-D14A0AD1E80F}.Debug|x86.ActiveCfg = Debug|x86
		{5B123185-E6EC-4AE5-9B2C-D14A0AD1E80F}.Debug|x86.Build.0 = Debug|x86
		{5B123185-E6EC-4AE5-9B2C-D14A0AD1E80F}.Release|Any CPU.ActiveCfg = Release|x86
		{5B123185-E6EC-4AE5-9B2C-D14A0AD1E80F}.Release|Mixed Platforms.ActiveCfg = Release|x86
		{5B123185-E6EC-4AE5-9B2C-D14A0AD1E80F}.Release|Mixed Platforms.Build.0 = Release|x86
		{5B123185-E6EC-4AE5-9B2C-D14A0AD1E80F}.Release|x86.ActiveCfg = Release|x86
		{5B123185-E6EC-4AE5-9B2C-D14A0AD1E80F}.Release|x86.Build.0 = Release|x86
		{10476060-E282-48AC-9140-3E6594A118A9}.Debug|Any CPU.ActiveCfg = Debug|Any CPU
		{10476060-E282-48AC-9140-3E6594A118A9}.Debug|Any CPU.Build.0 = Debug|Any CPU
		{10476060-E282-48AC-9140-3E6594A118A9}.Debug|Mixed Platforms.ActiveCfg = Debug|Any CPU
		{10476060-E282-48AC-9140-3E6594A118A9}.Debug|Mixed Platforms.Build.0 = Debug|Any CPU
		{10476060-E282-48AC-9140-3E6594A118A9}.Debug|x86.ActiveCfg = Debug|Any CPU
		{10476060-E282-48AC-9140-3E6594A118A9}.Debug|x86.Build.0 = Debug|Any CPU
		{10476060-E282-48AC-9140-3E6594A118A9}.Release|Any CPU.ActiveCfg = Release|Any CPU
		{10476060-E282-48AC-9140-3E6594A118A9}.Release|Any CPU.Build.0 = Release|Any CPU
		{10476060-E282-48AC-9140-3E6594A118A9}.Release|Mixed Platforms.ActiveCfg = Release|Any CPU
		{10476060-E282-48AC-9140-3E6594A118A9}.Release|Mixed Platforms.Build.0 = Release|Any CPU
		{10476060-E282-48AC-9140-3E6594A118A9}.Release|x86.ActiveCfg = Release|Any CPU
		{10476060-E282-48AC-9140-3E6594A118A9}.Release|x86.Build.0 = Release|Any CPU
		{44EE1454-DD73-438D-9051-99FBA997F246}.Debug|Any CPU.ActiveCfg = Debug|Any CPU
		{44EE1454-DD73-438D-9051-99FBA997F246}.Debug|Any CPU.Build.0 = Debug|Any CPU
		{44EE1454-DD73-438D-9051-99FBA997F246}.Debug|Mixed Platforms.ActiveCfg = Debug|Any CPU
		{44EE1454-DD73-438D-9051-99FBA997F246}.Debug|Mixed Platforms.Build.0 = Debug|Any CPU
		{44EE1454-DD73-438D-9051-99FBA997F246}.Debug|x86.ActiveCfg = Debug|Any CPU
		{44EE1454-DD73-438D-9051-99FBA997F246}.Debug|x86.Build.0 = Debug|Any CPU
		{44EE1454-DD73-438D-9051-99FBA997F246}.Release|Any CPU.ActiveCfg = Release|Any CPU
		{44EE1454-DD73-438D-9051-99FBA997F246}.Release|Any CPU.Build.0 = Release|Any CPU
		{44EE1454-DD73-438D-9051-99FBA997F246}.Release|Mixed Platforms.ActiveCfg = Release|Any CPU
		{44EE1454-DD73-438D-9051-99FBA997F246}.Release|Mixed Platforms.Build.0 = Release|Any CPU
		{44EE1454-DD73-438D-9051-99FBA997F246}.Release|x86.ActiveCfg = Release|Any CPU
		{44EE1454-DD73-438D-9051-99FBA997F246}.Release|x86.Build.0 = Release|Any CPU
		{D6D2CD99-B324-465B-8BB2-636B5E26BEF8}.Debug|Any CPU.ActiveCfg = Debug|Any CPU
		{D6D2CD99-B324-465B-8BB2-636B5E26BEF8}.Debug|Any CPU.Build.0 = Debug|Any CPU
		{D6D2CD99-B324-465B-8BB2-636B5E26BEF8}.Debug|Mixed Platforms.ActiveCfg = Debug|Any CPU
		{D6D2CD99-B324-465B-8BB2-636B5E26BEF8}.Debug|Mixed Platforms.Build.0 = Debug|Any CPU
		{D6D2CD99-B324-465B-8BB2-636B5E26BEF8}.Debug|x86.ActiveCfg = Debug|Any CPU
		{D6D2CD99-B324-465B-8BB2-636B5E26BEF8}.Debug|x86.Build.0 = Debug|Any CPU
		{D6D2CD99-B324-465B-8BB2-636B5E26BEF8}.Release|Any CPU.ActiveCfg = Release|Any CPU
		{D6D2CD99-B324-465B-8BB2-636B5E26BEF8}.Release|Any CPU.Build.0 = Release|Any CPU
		{D6D2CD99-B324-465B-8BB2-636B5E26BEF8}.Release|Mixed Platforms.ActiveCfg = Release|Any CPU
		{D6D2CD99-B324-465B-8BB2-636B5E26BEF8}.Release|Mixed Platforms.Build.0 = Release|Any CPU
		{D6D2CD99-B324-465B-8BB2-636B5E26BEF8}.Release|x86.ActiveCfg = Release|Any CPU
		{D6D2CD99-B324-465B-8BB2-636B5E26BEF8}.Release|x86.Build.0 = Release|Any CPU
	EndGlobalSection
	GlobalSection(SolutionProperties) = preSolution
		HideSolutionNode = FALSE
	EndGlobalSection
	GlobalSection(NestedProjects) = preSolution
		{464EB640-725A-44ED-8237-9EE7D79535C8} = {C499069C-474F-41A9-AF20-A73649DB245D}
		{D1B6AA18-E8E1-4D8E-8388-98561CEFDB51} = {C499069C-474F-41A9-AF20-A73649DB245D}
	EndGlobalSection
	GlobalSection(MonoDevelopProperties) = preSolution
		Policies = $0
		$0.DotNetNamingPolicy = $1
		$1.DirectoryNamespaceAssociation = None
		$1.ResourceNamePolicy = FileFormatDefault
		$0.TextStylePolicy = $2
		$2.inheritsSet = VisualStudio
		$2.inheritsScope = text/plain
		$2.scope = text/x-cshtml
		$0.StandardHeader = $3
		$3.Text = 
		$3.IncludeInNewFiles = True
		$0.NameConventionPolicy = $4
		$4.Rules = $5
		$5.NamingRule = $25
		$6.Name = Namespaces
		$6.AffectedEntity = Namespace
		$6.VisibilityMask = VisibilityMask
		$6.NamingStyle = PascalCase
		$6.IncludeInstanceMembers = True
		$6.IncludeStaticEntities = True
		$7.Name = Types
		$7.AffectedEntity = Class, Struct, Enum, Delegate
		$7.VisibilityMask = Public
		$7.NamingStyle = PascalCase
		$7.IncludeInstanceMembers = True
		$7.IncludeStaticEntities = True
		$8.Name = Interfaces
		$8.RequiredPrefixes = $9
		$9.String = I
		$8.AffectedEntity = Interface
		$8.VisibilityMask = Public
		$8.NamingStyle = PascalCase
		$8.IncludeInstanceMembers = True
		$8.IncludeStaticEntities = True
		$10.Name = Attributes
		$10.RequiredSuffixes = $11
		$11.String = Attribute
		$10.AffectedEntity = CustomAttributes
		$10.VisibilityMask = Public
		$10.NamingStyle = PascalCase
		$10.IncludeInstanceMembers = True
		$10.IncludeStaticEntities = True
		$12.Name = Event Arguments
		$12.RequiredSuffixes = $13
		$13.String = EventArgs
		$12.AffectedEntity = CustomEventArgs
		$12.VisibilityMask = Public
		$12.NamingStyle = PascalCase
		$12.IncludeInstanceMembers = True
		$12.IncludeStaticEntities = True
		$14.Name = Exceptions
		$14.RequiredSuffixes = $15
		$15.String = Exception
		$14.AffectedEntity = CustomExceptions
		$14.VisibilityMask = VisibilityMask
		$14.NamingStyle = PascalCase
		$14.IncludeInstanceMembers = True
		$14.IncludeStaticEntities = True
		$16.Name = Methods
		$16.AffectedEntity = Methods
		$16.VisibilityMask = Protected, Public
		$16.NamingStyle = PascalCase
		$16.IncludeInstanceMembers = True
		$16.IncludeStaticEntities = True
		$17.Name = Static Readonly Fields
		$17.AffectedEntity = ReadonlyField
		$17.VisibilityMask = Protected, Public
		$17.NamingStyle = PascalCase
		$17.IncludeInstanceMembers = False
		$17.IncludeStaticEntities = True
		$18.Name = Fields
		$18.AffectedEntity = Field
		$18.VisibilityMask = Protected, Public
		$18.NamingStyle = PascalCase
		$18.IncludeInstanceMembers = True
		$18.IncludeStaticEntities = True
		$19.Name = ReadOnly Fields
		$19.AffectedEntity = ReadonlyField
		$19.VisibilityMask = Protected, Public
		$19.NamingStyle = PascalCase
		$19.IncludeInstanceMembers = True
		$19.IncludeStaticEntities = False
		$20.Name = Constant Fields
		$20.AffectedEntity = ConstantField
		$20.VisibilityMask = Protected, Public
		$20.NamingStyle = PascalCase
		$20.IncludeInstanceMembers = True
		$20.IncludeStaticEntities = True
		$21.Name = Properties
		$21.AffectedEntity = Property
		$21.VisibilityMask = Protected, Public
		$21.NamingStyle = PascalCase
		$21.IncludeInstanceMembers = True
		$21.IncludeStaticEntities = True
		$22.Name = Events
		$22.AffectedEntity = Event
		$22.VisibilityMask = Protected, Public
		$22.NamingStyle = PascalCase
		$22.IncludeInstanceMembers = True
		$22.IncludeStaticEntities = True
		$23.Name = Enum Members
		$23.AffectedEntity = EnumMember
		$23.VisibilityMask = VisibilityMask
		$23.NamingStyle = PascalCase
		$23.IncludeInstanceMembers = True
		$23.IncludeStaticEntities = True
		$24.Name = Parameters
		$24.AffectedEntity = Parameter
		$24.VisibilityMask = VisibilityMask
		$24.NamingStyle = CamelCase
		$24.IncludeInstanceMembers = True
		$24.IncludeStaticEntities = True
		$25.Name = Type Parameters
		$25.RequiredPrefixes = $26
		$26.String = T
		$25.AffectedEntity = TypeParameter
		$25.VisibilityMask = VisibilityMask
		$25.NamingStyle = PascalCase
		$25.IncludeInstanceMembers = True
		$25.IncludeStaticEntities = True
	EndGlobalSection
EndGlobal
